// !$*UTF8*$!
{
	archiveVersion = 1;
	classes = {
	};
	objectVersion = 50;
	objects = {

/* Begin PBXBuildFile section */
		E50445BF223A0A5900346BC5 /* AppDelegate.m in Sources */ = {isa = PBXBuildFile; fileRef = E50445BE223A0A5900346BC5 /* AppDelegate.m */; };
		E50445C2223A0A5900346BC5 /* ViewController.m in Sources */ = {isa = PBXBuildFile; fileRef = E50445C1223A0A5900346BC5 /* ViewController.m */; };
		E50445C5223A0A5900346BC5 /* Main.storyboard in Resources */ = {isa = PBXBuildFile; fileRef = E50445C3223A0A5900346BC5 /* Main.storyboard */; };
		E50445C7223A0A5A00346BC5 /* Assets.xcassets in Resources */ = {isa = PBXBuildFile; fileRef = E50445C6223A0A5A00346BC5 /* Assets.xcassets */; };
		E50445CA223A0A5A00346BC5 /* LaunchScreen.storyboard in Resources */ = {isa = PBXBuildFile; fileRef = E50445C8223A0A5A00346BC5 /* LaunchScreen.storyboard */; };
		E50445CD223A0A5A00346BC5 /* main.m in Sources */ = {isa = PBXBuildFile; fileRef = E50445CC223A0A5A00346BC5 /* main.m */; };
		E50445D7223A0A5A00346BC5 /* A_sectionTests.m in Sources */ = {isa = PBXBuildFile; fileRef = E50445D6223A0A5A00346BC5 /* A_sectionTests.m */; };
		E50445E2223A0A5A00346BC5 /* A_sectionUITests.m in Sources */ = {isa = PBXBuildFile; fileRef = E50445E1223A0A5A00346BC5 /* A_sectionUITests.m */; };
/* End PBXBuildFile section */

/* Begin PBXContainerItemProxy section */
		E50445D3223A0A5A00346BC5 /* PBXContainerItemProxy */ = {
			isa = PBXContainerItemProxy;
			containerPortal = E50445B2223A0A5900346BC5 /* Project object */;
			proxyType = 1;
			remoteGlobalIDString = E50445B9223A0A5900346BC5;
			remoteInfo = A_section;
		};
		E50445DE223A0A5A00346BC5 /* PBXContainerItemProxy */ = {
			isa = PBXContainerItemProxy;
			containerPortal = E50445B2223A0A5900346BC5 /* Project object */;
			proxyType = 1;
			remoteGlobalIDString = E50445B9223A0A5900346BC5;
			remoteInfo = A_section;
		};
/* End PBXContainerItemProxy section */

/* Begin PBXFileReference section */
		E50445BA223A0A5900346BC5 /* A_section.app */ = {isa = PBXFileReference; explicitFileType = wrapper.application; includeInIndex = 0; path = A_section.app; sourceTree = BUILT_PRODUCTS_DIR; };
		E50445BD223A0A5900346BC5 /* AppDelegate.h */ = {isa = PBXFileReference; lastKnownFileType = sourcecode.c.h; path = AppDelegate.h; sourceTree = "<group>"; };
		E50445BE223A0A5900346BC5 /* AppDelegate.m */ = {isa = PBXFileReference; lastKnownFileType = sourcecode.c.objc; path = AppDelegate.m; sourceTree = "<group>"; };
		E50445C0223A0A5900346BC5 /* ViewController.h */ = {isa = PBXFileReference; lastKnownFileType = sourcecode.c.h; path = ViewController.h; sourceTree = "<group>"; };
		E50445C1223A0A5900346BC5 /* ViewController.m */ = {isa = PBXFileReference; lastKnownFileType = sourcecode.c.objc; path = ViewController.m; sourceTree = "<group>"; };
		E50445C4223A0A5900346BC5 /* Base */ = {isa = PBXFileReference; lastKnownFileType = file.storyboard; name = Base; path = Base.lproj/Main.storyboard; sourceTree = "<group>"; };
		E50445C6223A0A5A00346BC5 /* Assets.xcassets */ = {isa = PBXFileReference; lastKnownFileType = folder.assetcatalog; path = Assets.xcassets; sourceTree = "<group>"; };
		E50445C9223A0A5A00346BC5 /* Base */ = {isa = PBXFileReference; lastKnownFileType = file.storyboard; name = Base; path = Base.lproj/LaunchScreen.storyboard; sourceTree = "<group>"; };
		E50445CB223A0A5A00346BC5 /* Info.plist */ = {isa = PBXFileReference; lastKnownFileType = text.plist.xml; path = Info.plist; sourceTree = "<group>"; };
		E50445CC223A0A5A00346BC5 /* main.m */ = {isa = PBXFileReference; lastKnownFileType = sourcecode.c.objc; path = main.m; sourceTree = "<group>"; };
		E50445D2223A0A5A00346BC5 /* A_sectionTests.xctest */ = {isa = PBXFileReference; explicitFileType = wrapper.cfbundle; includeInIndex = 0; path = A_sectionTests.xctest; sourceTree = BUILT_PRODUCTS_DIR; };
		E50445D6223A0A5A00346BC5 /* A_sectionTests.m */ = {isa = PBXFileReference; lastKnownFileType = sourcecode.c.objc; path = A_sectionTests.m; sourceTree = "<group>"; };
		E50445D8223A0A5A00346BC5 /* Info.plist */ = {isa = PBXFileReference; lastKnownFileType = text.plist.xml; path = Info.plist; sourceTree = "<group>"; };
		E50445DD223A0A5A00346BC5 /* A_sectionUITests.xctest */ = {isa = PBXFileReference; explicitFileType = wrapper.cfbundle; includeInIndex = 0; path = A_sectionUITests.xctest; sourceTree = BUILT_PRODUCTS_DIR; };
		E50445E1223A0A5A00346BC5 /* A_sectionUITests.m */ = {isa = PBXFileReference; lastKnownFileType = sourcecode.c.objc; path = A_sectionUITests.m; sourceTree = "<group>"; };
		E50445E3223A0A5A00346BC5 /* Info.plist */ = {isa = PBXFileReference; lastKnownFileType = text.plist.xml; path = Info.plist; sourceTree = "<group>"; };
/* End PBXFileReference section */

/* Begin PBXFrameworksBuildPhase section */
		E50445B7223A0A5900346BC5 /* Frameworks */ = {
			isa = PBXFrameworksBuildPhase;
			buildActionMask = 2147483647;
			files = (
			);
			runOnlyForDeploymentPostprocessing = 0;
		};
		E50445CF223A0A5A00346BC5 /* Frameworks */ = {
			isa = PBXFrameworksBuildPhase;
			buildActionMask = 2147483647;
			files = (
			);
			runOnlyForDeploymentPostprocessing = 0;
		};
		E50445DA223A0A5A00346BC5 /* Frameworks */ = {
			isa = PBXFrameworksBuildPhase;
			buildActionMask = 2147483647;
			files = (
			);
			runOnlyForDeploymentPostprocessing = 0;
		};
/* End PBXFrameworksBuildPhase section */

/* Begin PBXGroup section */
		E50445B1223A0A5900346BC5 = {
			isa = PBXGroup;
			children = (
				E50445BC223A0A5900346BC5 /* A_section */,
				E50445D5223A0A5A00346BC5 /* A_sectionTests */,
				E50445E0223A0A5A00346BC5 /* A_sectionUITests */,
				E50445BB223A0A5900346BC5 /* Products */,
			);
			sourceTree = "<group>";
		};
		E50445BB223A0A5900346BC5 /* Products */ = {
			isa = PBXGroup;
			children = (
				E50445BA223A0A5900346BC5 /* A_section.app */,
				E50445D2223A0A5A00346BC5 /* A_sectionTests.xctest */,
				E50445DD223A0A5A00346BC5 /* A_sectionUITests.xctest */,
			);
			name = Products;
			sourceTree = "<group>";
		};
		E50445BC223A0A5900346BC5 /* A_section */ = {
			isa = PBXGroup;
			children = (
				E50445BD223A0A5900346BC5 /* AppDelegate.h */,
				E50445BE223A0A5900346BC5 /* AppDelegate.m */,
				E50445C0223A0A5900346BC5 /* ViewController.h */,
				E50445C1223A0A5900346BC5 /* ViewController.m */,
				E50445C3223A0A5900346BC5 /* Main.storyboard */,
				E50445C6223A0A5A00346BC5 /* Assets.xcassets */,
				E50445C8223A0A5A00346BC5 /* LaunchScreen.storyboard */,
				E50445CB223A0A5A00346BC5 /* Info.plist */,
				E50445CC223A0A5A00346BC5 /* main.m */,
			);
			path = A_section;
			sourceTree = "<group>";
		};
		E50445D5223A0A5A00346BC5 /* A_sectionTests */ = {
			isa = PBXGroup;
			children = (
				E50445D6223A0A5A00346BC5 /* A_sectionTests.m */,
				E50445D8223A0A5A00346BC5 /* Info.plist */,
			);
			path = A_sectionTests;
			sourceTree = "<group>";
		};
		E50445E0223A0A5A00346BC5 /* A_sectionUITests */ = {
			isa = PBXGroup;
			children = (
				E50445E1223A0A5A00346BC5 /* A_sectionUITests.m */,
				E50445E3223A0A5A00346BC5 /* Info.plist */,
			);
			path = A_sectionUITests;
			sourceTree = "<group>";
		};
/* End PBXGroup section */

/* Begin PBXNativeTarget section */
		E50445B9223A0A5900346BC5 /* A_section */ = {
			isa = PBXNativeTarget;
			buildConfigurationList = E50445E6223A0A5A00346BC5 /* Build configuration list for PBXNativeTarget "A_section" */;
			buildPhases = (
				E50445B6223A0A5900346BC5 /* Sources */,
				E50445B7223A0A5900346BC5 /* Frameworks */,
				E50445B8223A0A5900346BC5 /* Resources */,
			);
			buildRules = (
			);
			dependencies = (
			);
			name = A_section;
			productName = A_section;
			productReference = E50445BA223A0A5900346BC5 /* A_section.app */;
			productType = "com.apple.product-type.application";
		};
		E50445D1223A0A5A00346BC5 /* A_sectionTests */ = {
			isa = PBXNativeTarget;
			buildConfigurationList = E50445E9223A0A5A00346BC5 /* Build configuration list for PBXNativeTarget "A_sectionTests" */;
			buildPhases = (
				E50445CE223A0A5A00346BC5 /* Sources */,
				E50445CF223A0A5A00346BC5 /* Frameworks */,
				E50445D0223A0A5A00346BC5 /* Resources */,
			);
			buildRules = (
			);
			dependencies = (
				E50445D4223A0A5A00346BC5 /* PBXTargetDependency */,
			);
			name = A_sectionTests;
			productName = A_sectionTests;
			productReference = E50445D2223A0A5A00346BC5 /* A_sectionTests.xctest */;
			productType = "com.apple.product-type.bundle.unit-test";
		};
		E50445DC223A0A5A00346BC5 /* A_sectionUITests */ = {
			isa = PBXNativeTarget;
			buildConfigurationList = E50445EC223A0A5A00346BC5 /* Build configuration list for PBXNativeTarget "A_sectionUITests" */;
			buildPhases = (
				E50445D9223A0A5A00346BC5 /* Sources */,
				E50445DA223A0A5A00346BC5 /* Frameworks */,
				E50445DB223A0A5A00346BC5 /* Resources */,
			);
			buildRules = (
			);
			dependencies = (
				E50445DF223A0A5A00346BC5 /* PBXTargetDependency */,
			);
			name = A_sectionUITests;
			productName = A_sectionUITests;
			productReference = E50445DD223A0A5A00346BC5 /* A_sectionUITests.xctest */;
			productType = "com.apple.product-type.bundle.ui-testing";
		};
/* End PBXNativeTarget section */

/* Begin PBXProject section */
		E50445B2223A0A5900346BC5 /* Project object */ = {
			isa = PBXProject;
			attributes = {
				LastUpgradeCheck = 1010;
				ORGANIZATIONNAME = cocoa_niu;
				TargetAttributes = {
					E50445B9223A0A5900346BC5 = {
						CreatedOnToolsVersion = 10.1;
					};
					E50445D1223A0A5A00346BC5 = {
						CreatedOnToolsVersion = 10.1;
						TestTargetID = E50445B9223A0A5900346BC5;
					};
					E50445DC223A0A5A00346BC5 = {
						CreatedOnToolsVersion = 10.1;
						TestTargetID = E50445B9223A0A5900346BC5;
					};
				};
			};
			buildConfigurationList = E50445B5223A0A5900346BC5 /* Build configuration list for PBXProject "A_section" */;
			compatibilityVersion = "Xcode 9.3";
			developmentRegion = en;
			hasScannedForEncodings = 0;
			knownRegions = (
				en,
				Base,
			);
			mainGroup = E50445B1223A0A5900346BC5;
			productRefGroup = E50445BB223A0A5900346BC5 /* Products */;
			projectDirPath = "";
			projectRoot = "";
			targets = (
				E50445B9223A0A5900346BC5 /* A_section */,
				E50445D1223A0A5A00346BC5 /* A_sectionTests */,
				E50445DC223A0A5A00346BC5 /* A_sectionUITests */,
			);
		};
/* End PBXProject section */

/* Begin PBXResourcesBuildPhase section */
		E50445B8223A0A5900346BC5 /* Resources */ = {
			isa = PBXResourcesBuildPhase;
			buildActionMask = 2147483647;
			files = (
				E50445CA223A0A5A00346BC5 /* LaunchScreen.storyboard in Resources */,
				E50445C7223A0A5A00346BC5 /* Assets.xcassets in Resources */,
				E50445C5223A0A5900346BC5 /* Main.storyboard in Resources */,
			);
			runOnlyForDeploymentPostprocessing = 0;
		};
		E50445D0223A0A5A00346BC5 /* Resources */ = {
			isa = PBXResourcesBuildPhase;
			buildActionMask = 2147483647;
			files = (
			);
			runOnlyForDeploymentPostprocessing = 0;
		};
		E50445DB223A0A5A00346BC5 /* Resources */ = {
			isa = PBXResourcesBuildPhase;
			buildActionMask = 2147483647;
			files = (
			);
			runOnlyForDeploymentPostprocessing = 0;
		};
/* End PBXResourcesBuildPhase section */

/* Begin PBXSourcesBuildPhase section */
		E50445B6223A0A5900346BC5 /* Sources */ = {
			isa = PBXSourcesBuildPhase;
			buildActionMask = 2147483647;
			files = (
				E50445C2223A0A5900346BC5 /* ViewController.m in Sources */,
				E50445CD223A0A5A00346BC5 /* main.m in Sources */,
				E50445BF223A0A5900346BC5 /* AppDelegate.m in Sources */,
			);
			runOnlyForDeploymentPostprocessing = 0;
		};
		E50445CE223A0A5A00346BC5 /* Sources */ = {
			isa = PBXSourcesBuildPhase;
			buildActionMask = 2147483647;
			files = (
				E50445D7223A0A5A00346BC5 /* A_sectionTests.m in Sources */,
			);
			runOnlyForDeploymentPostprocessing = 0;
		};
		E50445D9223A0A5A00346BC5 /* Sources */ = {
			isa = PBXSourcesBuildPhase;
			buildActionMask = 2147483647;
			files = (
				E50445E2223A0A5A00346BC5 /* A_sectionUITests.m in Sources */,
			);
			runOnlyForDeploymentPostprocessing = 0;
		};
/* End PBXSourcesBuildPhase section */

/* Begin PBXTargetDependency section */
		E50445D4223A0A5A00346BC5 /* PBXTargetDependency */ = {
			isa = PBXTargetDependency;
			target = E50445B9223A0A5900346BC5 /* A_section */;
			targetProxy = E50445D3223A0A5A00346BC5 /* PBXContainerItemProxy */;
		};
		E50445DF223A0A5A00346BC5 /* PBXTargetDependency */ = {
			isa = PBXTargetDependency;
			target = E50445B9223A0A5900346BC5 /* A_section */;
			targetProxy = E50445DE223A0A5A00346BC5 /* PBXContainerItemProxy */;
		};
/* End PBXTargetDependency section */

/* Begin PBXVariantGroup section */
		E50445C3223A0A5900346BC5 /* Main.storyboard */ = {
			isa = PBXVariantGroup;
			children = (
				E50445C4223A0A5900346BC5 /* Base */,
			);
			name = Main.storyboard;
			sourceTree = "<group>";
		};
		E50445C8223A0A5A00346BC5 /* LaunchScreen.storyboard */ = {
			isa = PBXVariantGroup;
			children = (
				E50445C9223A0A5A00346BC5 /* Base */,
			);
			name = LaunchScreen.storyboard;
			sourceTree = "<group>";
		};
/* End PBXVariantGroup section */

/* Begin XCBuildConfiguration section */
		E50445E4223A0A5A00346BC5 /* Debug */ = {
			isa = XCBuildConfiguration;
			buildSettings = {
				ALWAYS_SEARCH_USER_PATHS = NO;
				CLANG_ANALYZER_NONNULL = YES;
				CLANG_ANALYZER_NUMBER_OBJECT_CONVERSION = YES_AGGRESSIVE;
				CLANG_CXX_LANGUAGE_STANDARD = "gnu++14";
				CLANG_CXX_LIBRARY = "libc++";
				CLANG_ENABLE_MODULES = YES;
				CLANG_ENABLE_OBJC_ARC = YES;
				CLANG_ENABLE_OBJC_WEAK = YES;
				CLANG_WARN_BLOCK_CAPTURE_AUTORELEASING = YES;
				CLANG_WARN_BOOL_CONVERSION = YES;
				CLANG_WARN_COMMA = YES;
				CLANG_WARN_CONSTANT_CONVERSION = YES;
				CLANG_WARN_DEPRECATED_OBJC_IMPLEMENTATIONS = YES;
				CLANG_WARN_DIRECT_OBJC_ISA_USAGE = YES_ERROR;
				CLANG_WARN_DOCUMENTATION_COMMENTS = YES;
				CLANG_WARN_EMPTY_BODY = YES;
				CLANG_WARN_ENUM_CONVERSION = YES;
				CLANG_WARN_INFINITE_RECURSION = YES;
				CLANG_WARN_INT_CONVERSION = YES;
				CLANG_WARN_NON_LITERAL_NULL_CONVERSION = YES;
				CLANG_WARN_OBJC_IMPLICIT_RETAIN_SELF = YES;
				CLANG_WARN_OBJC_LITERAL_CONVERSION = YES;
				CLANG_WARN_OBJC_ROOT_CLASS = YES_ERROR;
				CLANG_WARN_RANGE_LOOP_ANALYSIS = YES;
				CLANG_WARN_STRICT_PROTOTYPES = YES;
				CLANG_WARN_SUSPICIOUS_MOVE = YES;
				CLANG_WARN_UNGUARDED_AVAILABILITY = YES_AGGRESSIVE;
				CLANG_WARN_UNREACHABLE_CODE = YES;
				CLANG_WARN__DUPLICATE_METHOD_MATCH = YES;
				CODE_SIGN_IDENTITY = "iPhone Developer";
				COPY_PHASE_STRIP = NO;
				DEBUG_INFORMATION_FORMAT = dwarf;
				ENABLE_STRICT_OBJC_MSGSEND = YES;
				ENABLE_TESTABILITY = YES;
				GCC_C_LANGUAGE_STANDARD = gnu11;
				GCC_DYNAMIC_NO_PIC = NO;
				GCC_NO_COMMON_BLOCKS = YES;
				GCC_OPTIMIZATION_LEVEL = 0;
				GCC_PREPROCESSOR_DEFINITIONS = (
					"DEBUG=1",
					"$(inherited)",
				);
				GCC_WARN_64_TO_32_BIT_CONVERSION = YES;
				GCC_WARN_ABOUT_RETURN_TYPE = YES_ERROR;
				GCC_WARN_UNDECLARED_SELECTOR = YES;
				GCC_WARN_UNINITIALIZED_AUTOS = YES_AGGRESSIVE;
				GCC_WARN_UNUSED_FUNCTION = YES;
				GCC_WARN_UNUSED_VARIABLE = YES;
				IPHONEOS_DEPLOYMENT_TARGET = 12.1;
				MTL_ENABLE_DEBUG_INFO = INCLUDE_SOURCE;
				MTL_FAST_MATH = YES;
				ONLY_ACTIVE_ARCH = YES;
				SDKROOT = iphoneos;
			};
			name = Debug;
		};
		E50445E5223A0A5A00346BC5 /* Release */ = {
			isa = XCBuildConfiguration;
			buildSettings = {
				ALWAYS_SEARCH_USER_PATHS = NO;
				CLANG_ANALYZER_NONNULL = YES;
				CLANG_ANALYZER_NUMBER_OBJECT_CONVERSION = YES_AGGRESSIVE;
				CLANG_CXX_LANGUAGE_STANDARD = "gnu++14";
				CLANG_CXX_LIBRARY = "libc++";
				CLANG_ENABLE_MODULES = YES;
				CLANG_ENABLE_OBJC_ARC = YES;
				CLANG_ENABLE_OBJC_WEAK = YES;
				CLANG_WARN_BLOCK_CAPTURE_AUTORELEASING = YES;
				CLANG_WARN_BOOL_CONVERSION = YES;
				CLANG_WARN_COMMA = YES;
				CLANG_WARN_CONSTANT_CONVERSION = YES;
				CLANG_WARN_DEPRECATED_OBJC_IMPLEMENTATIONS = YES;
				CLANG_WARN_DIRECT_OBJC_ISA_USAGE = YES_ERROR;
				CLANG_WARN_DOCUMENTATION_COMMENTS = YES;
				CLANG_WARN_EMPTY_BODY = YES;
				CLANG_WARN_ENUM_CONVERSION = YES;
				CLANG_WARN_INFINITE_RECURSION = YES;
				CLANG_WARN_INT_CONVERSION = YES;
				CLANG_WARN_NON_LITERAL_NULL_CONVERSION = YES;
				CLANG_WARN_OBJC_IMPLICIT_RETAIN_SELF = YES;
				CLANG_WARN_OBJC_LITERAL_CONVERSION = YES;
				CLANG_WARN_OBJC_ROOT_CLASS = YES_ERROR;
				CLANG_WARN_RANGE_LOOP_ANALYSIS = YES;
				CLANG_WARN_STRICT_PROTOTYPES = YES;
				CLANG_WARN_SUSPICIOUS_MOVE = YES;
				CLANG_WARN_UNGUARDED_AVAILABILITY = YES_AGGRESSIVE;
				CLANG_WARN_UNREACHABLE_CODE = YES;
				CLANG_WARN__DUPLICATE_METHOD_MATCH = YES;
				CODE_SIGN_IDENTITY = "iPhone Developer";
				COPY_PHASE_STRIP = NO;
				DEBUG_INFORMATION_FORMAT = "dwarf-with-dsym";
				ENABLE_NS_ASSERTIONS = NO;
				ENABLE_STRICT_OBJC_MSGSEND = YES;
				GCC_C_LANGUAGE_STANDARD = gnu11;
				GCC_NO_COMMON_BLOCKS = YES;
				GCC_WARN_64_TO_32_BIT_CONVERSION = YES;
				GCC_WARN_ABOUT_RETURN_TYPE = YES_ERROR;
				GCC_WARN_UNDECLARED_SELECTOR = YES;
				GCC_WARN_UNINITIALIZED_AUTOS = YES_AGGRESSIVE;
				GCC_WARN_UNUSED_FUNCTION = YES;
				GCC_WARN_UNUSED_VARIABLE = YES;
				IPHONEOS_DEPLOYMENT_TARGET = 12.1;
				MTL_ENABLE_DEBUG_INFO = NO;
				MTL_FAST_MATH = YES;
				SDKROOT = iphoneos;
				VALIDATE_PRODUCT = YES;
			};
			name = Release;
		};
		E50445E7223A0A5A00346BC5 /* Debug */ = {
			isa = XCBuildConfiguration;
			buildSettings = {
				ASSETCATALOG_COMPILER_APPICON_NAME = AppIcon;
				CODE_SIGN_STYLE = Automatic;
				INFOPLIST_FILE = A_section/Info.plist;
				LD_RUNPATH_SEARCH_PATHS = (
					"$(inherited)",
					"@executable_path/Frameworks",
				);
				PRODUCT_BUNDLE_IDENTIFIER = "cocoa-niu.A-section";
				PRODUCT_NAME = "$(TARGET_NAME)";
				TARGETED_DEVICE_FAMILY = "1,2";
			};
			name = Debug;
		};
		E50445E8223A0A5A00346BC5 /* Release */ = {
			isa = XCBuildConfiguration;
			buildSettings = {
				ASSETCATALOG_COMPILER_APPICON_NAME = AppIcon;
				CODE_SIGN_STYLE = Automatic;
				INFOPLIST_FILE = A_section/Info.plist;
				LD_RUNPATH_SEARCH_PATHS = (
					"$(inherited)",
					"@executable_path/Frameworks",
				);
				PRODUCT_BUNDLE_IDENTIFIER = "cocoa-niu.A-section";
				PRODUCT_NAME = "$(TARGET_NAME)";
				TARGETED_DEVICE_FAMILY = "1,2";
			};
			name = Release;
		};
		E50445EA223A0A5A00346BC5 /* Debug */ = {
			isa = XCBuildConfiguration;
			buildSettings = {
				BUNDLE_LOADER = "$(TEST_HOST)";
				CODE_SIGN_STYLE = Automatic;
				INFOPLIST_FILE = A_sectionTests/Info.plist;
				LD_RUNPATH_SEARCH_PATHS = (
					"$(inherited)",
					"@executable_path/Frameworks",
					"@loader_path/Frameworks",
				);
				PRODUCT_BUNDLE_IDENTIFIER = "cocoa-niu.A-sectionTests";
				PRODUCT_NAME = "$(TARGET_NAME)";
				TARGETED_DEVICE_FAMILY = "1,2";
				TEST_HOST = "$(BUILT_PRODUCTS_DIR)/A_section.app/A_section";
			};
			name = Debug;
		};
		E50445EB223A0A5A00346BC5 /* Release */ = {
			isa = XCBuildConfiguration;
			buildSettings = {
				BUNDLE_LOADER = "$(TEST_HOST)";
				CODE_SIGN_STYLE = Automatic;
				INFOPLIST_FILE = A_sectionTests/Info.plist;
				LD_RUNPATH_SEARCH_PATHS = (
					"$(inherited)",
					"@executable_path/Frameworks",
					"@loader_path/Frameworks",
				);
				PRODUCT_BUNDLE_IDENTIFIER = "cocoa-niu.A-sectionTests";
				PRODUCT_NAME = "$(TARGET_NAME)";
				TARGETED_DEVICE_FAMILY = "1,2";
				TEST_HOST = "$(BUILT_PRODUCTS_DIR)/A_section.app/A_section";
			};
			name = Release;
		};
		E50445ED223A0A5A00346BC5 /* Debug */ = {
			isa = XCBuildConfiguration;
			buildSettings = {
				CODE_SIGN_STYLE = Automatic;
				INFOPLIST_FILE = A_sectionUITests/Info.plist;
				LD_RUNPATH_SEARCH_PATHS = (
					"$(inherited)",
					"@executable_path/Frameworks",
					"@loader_path/Frameworks",
				);
				PRODUCT_BUNDLE_IDENTIFIER = "cocoa-niu.A-sectionUITests";
				PRODUCT_NAME = "$(TARGET_NAME)";
				TARGETED_DEVICE_FAMILY = "1,2";
				TEST_TARGET_NAME = A_section;
			};
			name = Debug;
		};
		E50445EE223A0A5A00346BC5 /* Release */ = {
			isa = XCBuildConfiguration;
			buildSettings = {
				CODE_SIGN_STYLE = Automatic;
				INFOPLIST_FILE = A_sectionUITests/Info.plist;
				LD_RUNPATH_SEARCH_PATHS = (
					"$(inherited)",
					"@executable_path/Frameworks",
					"@loader_path/Frameworks",
				);
				PRODUCT_BUNDLE_IDENTIFIER = "cocoa-niu.A-sectionUITests";
				PRODUCT_NAME = "$(TARGET_NAME)";
				TARGETED_DEVICE_FAMILY = "1,2";
				TEST_TARGET_NAME = A_section;
			};
			name = Release;
		};
/* End XCBuildConfiguration section */

/* Begin XCConfigurationList section */
		E50445B5223A0A5900346BC5 /* Build configuration list for PBXProject "A_section" */ = {
			isa = XCConfigurationList;
			buildConfigurations = (
				E50445E4223A0A5A00346BC5 /* Debug */,
				E50445E5223A0A5A00346BC5 /* Release */,
			);
			defaultConfigurationIsVisible = 0;
			defaultConfigurationName = Release;
		};
		E50445E6223A0A5A00346BC5 /* Build configuration list for PBXNativeTarget "A_section" */ = {
			isa = XCConfigurationList;
			buildConfigurations = (
				E50445E7223A0A5A00346BC5 /* Debug */,
				E50445E8223A0A5A00346BC5 /* Release */,
			);
			defaultConfigurationIsVisible = 0;
			defaultConfigurationName = Release;
		};
		E50445E9223A0A5A00346BC5 /* Build configuration list for PBXNativeTarget "A_sectionTests" */ = {
			isa = XCConfigurationList;
			buildConfigurations = (
				E50445EA223A0A5A00346BC5 /* Debug */,
				E50445EB223A0A5A00346BC5 /* Release */,
			);
			defaultConfigurationIsVisible = 0;
			defaultConfigurationName = Release;
		};
		E50445EC223A0A5A00346BC5 /* Build configuration list for PBXNativeTarget "A_sectionUITests" */ = {
			isa = XCConfigurationList;
			buildConfigurations = (
				E50445ED223A0A5A00346BC5 /* Debug */,
				E50445EE223A0A5A00346BC5 /* Release */,
			);
			defaultConfigurationIsVisible = 0;
			defaultConfigurationName = Release;
		};
/* End XCConfigurationList section */
	};
	rootObject = E50445B2223A0A5900346BC5 /* Project object */;
}
